{
  "originHash" : "7db8f88cb8037f8ec332693d1393dd4d1b531b86b2788b6870707adcee0085a3",
  "pins" : [
    {
      "identity" : "markupeditor",
      "kind" : "remoteSourceControl",
      "location" : "https://github.com/stevengharris/MarkupEditor.git",
      "state" : {
        "branch" : "main",
        "revision" : "704873558b69400cf4f257a6406ef0a813fb7d17"
      }
    },
    {
      "identity" : "sparkle",
      "kind" : "remoteSourceControl",
      "location" : "https://github.com/sparkle-project/Sparkle",
      "state" : {
        "revision" : "eef1a539a373c1f1a320624b1130fc5de7b2e100",
        "version" : "2.10.0"
      }
    },
    {
      "identity" : "splitview",
      "kind" : "remoteSourceControl",
      "location" : "https://github.com/stevengharris/SplitView.git",
      "state" : {
        "revision" : "7737a80740919c2fa94a6e64f870d37ef77b9b5f",
        "version" : "3.5.3"
      }
    },
    {
      "identity" : "swift-argument-parser",
      "kind" : "remoteSourceControl",
      "location" : "https://github.com/apple/swift-argument-parser.git",
      "state" : {
        "revision" : "6a52f3251125d74daf04fcbd5e6f08a75d074382",
        "version" : "1.8.2"
      }
    }
  ],
  "version" : 3
}
