// !$*UTF8*$!
{
	archiveVersion = 1;
	classes = {
	};
	objectVersion = 77;
	objects = {

/* Begin PBXBuildFile section */
		AA7B99C32F9291B90085425B /* MarkupEditor in Frameworks */ = {isa = PBXBuildFile; productRef = AA7B99C22F9291B90085425B /* MarkupEditor */; };
		AAB801F52FC7471300212250 /* SplitView in Frameworks */ = {isa = PBXBuildFile; productRef = AAB801F42FC7471300212250 /* SplitView */; };
/* End PBXBuildFile section */

/* Begin PBXContainerItemProxy section */
		AA7B99A52F9290E00085425B /* PBXContainerItemProxy */ = {
			isa = PBXContainerItemProxy;
			containerPortal = AA7B998F2F9290DF0085425B /* Project object */;
			proxyType = 1;
			remoteGlobalIDString = AA7B99962F9290DF0085425B;
			remoteInfo = MarkupEditorApp;
		};
		AA7B99AF2F9290E00085425B /* PBXContainerItemProxy */ = {
			isa = PBXContainerItemProxy;
			containerPortal = AA7B998F2F9290DF0085425B /* Project object */;
			proxyType = 1;
			remoteGlobalIDString = AA7B99962F9290DF0085425B;
			remoteInfo = MarkupEditorApp;
		};
/* End PBXContainerItemProxy section */

/* Begin PBXFileReference section */
		AA7B99972F9290DF0085425B /* MarkupEditor.app */ = {isa = PBXFileReference; explicitFileType = wrapper.application; includeInIndex = 0; path = MarkupEditor.app; sourceTree = BUILT_PRODUCTS_DIR; };
		AA7B99A42F9290E00085425B /* MarkupEditorAppTests.xctest */ = {isa = PBXFileReference; explicitFileType = wrapper.cfbundle; includeInIndex = 0; path = MarkupEditorAppTests.xctest; sourceTree = BUILT_PRODUCTS_DIR; };
		AA7B99AE2F9290E00085425B /* MarkupEditorAppUITests.xctest */ = {isa = PBXFileReference; explicitFileType = wrapper.cfbundle; includeInIndex = 0; path = MarkupEditorAppUITests.xctest; sourceTree = BUILT_PRODUCTS_DIR; };
		AAB4738F30068DCB005F583D /* markupeditor-mermaid */ = {isa = PBXFileReference; lastKnownFileType = folder; path = "markupeditor-mermaid"; sourceTree = "<group>"; };
		AAB800602FC4C2CC00212250 /* markupeditor-markdown */ = {isa = PBXFileReference; lastKnownFileType = folder; path = "markupeditor-markdown"; sourceTree = "<group>"; };
		AAB8007C2FC5036A00212250 /* docs */ = {isa = PBXFileReference; lastKnownFileType = folder; path = docs; sourceTree = "<group>"; };
/* End PBXFileReference section */

/* Begin PBXFileSystemSynchronizedBuildFileExceptionSet section */
		AA9FB8372F97D6F2009F804F /* Exceptions for "MarkupEditorApp" folder in "MarkupEditorApp" target */ = {
			isa = PBXFileSystemSynchronizedBuildFileExceptionSet;
			membershipExceptions = (
				Info.plist,
			);
			target = AA7B99962F9290DF0085425B /* MarkupEditorApp */;
		};
/* End PBXFileSystemSynchronizedBuildFileExceptionSet section */

/* Begin PBXFileSystemSynchronizedRootGroup section */
		AA7B99992F9290DF0085425B /* MarkupEditorApp */ = {
			isa = PBXFileSystemSynchronizedRootGroup;
			exceptions = (
				AA9FB8372F97D6F2009F804F /* Exceptions for "MarkupEditorApp" folder in "MarkupEditorApp" target */,
			);
			path = MarkupEditorApp;
			sourceTree = "<group>";
		};
		AA7B99A72F9290E00085425B /* MarkupEditorAppTests */ = {
			isa = PBXFileSystemSynchronizedRootGroup;
			path = MarkupEditorAppTests;
			sourceTree = "<group>";
		};
		AA7B99B12F9290E00085425B /* MarkupEditorAppUITests */ = {
			isa = PBXFileSystemSynchronizedRootGroup;
			path = MarkupEditorAppUITests;
			sourceTree = "<group>";
		};
/* End PBXFileSystemSynchronizedRootGroup section */

/* Begin PBXFrameworksBuildPhase section */
		AA7B99942F9290DF0085425B /* Frameworks */ = {
			isa = PBXFrameworksBuildPhase;
			buildActionMask = 2147483647;
			files = (
				AAB801F52FC7471300212250 /* SplitView in Frameworks */,
				AA7B99C32F9291B90085425B /* MarkupEditor in Frameworks */,
			);
			runOnlyForDeploymentPostprocessing = 0;
		};
		AA7B99A12F9290E00085425B /* Frameworks */ = {
			isa = PBXFrameworksBuildPhase;
			buildActionMask = 2147483647;
			files = (
			);
			runOnlyForDeploymentPostprocessing = 0;
		};
		AA7B99AB2F9290E00085425B /* Frameworks */ = {
			isa = PBXFrameworksBuildPhase;
			buildActionMask = 2147483647;
			files = (
			);
			runOnlyForDeploymentPostprocessing = 0;
		};
/* End PBXFrameworksBuildPhase section */

/* Begin PBXGroup section */
		AA7B998E2F9290DF0085425B = {
			isa = PBXGroup;
			children = (
				AA7B99992F9290DF0085425B /* MarkupEditorApp */,
				AA7B99A72F9290E00085425B /* MarkupEditorAppTests */,
				AAB4738F30068DCB005F583D /* markupeditor-mermaid */,
				AA7B99B12F9290E00085425B /* MarkupEditorAppUITests */,
				AAB800602FC4C2CC00212250 /* markupeditor-markdown */,
				AAB8007C2FC5036A00212250 /* docs */,
				AA7B99982F9290DF0085425B /* Products */,
			);
			sourceTree = "<group>";
		};
		AA7B99982F9290DF0085425B /* Products */ = {
			isa = PBXGroup;
			children = (
				AA7B99972F9290DF0085425B /* MarkupEditor.app */,
				AA7B99A42F9290E00085425B /* MarkupEditorAppTests.xctest */,
				AA7B99AE2F9290E00085425B /* MarkupEditorAppUITests.xctest */,
			);
			name = Products;
			sourceTree = "<group>";
		};
/* End PBXGroup section */

/* Begin PBXNativeTarget section */
		AA7B99962F9290DF0085425B /* MarkupEditorApp */ = {
			isa = PBXNativeTarget;
			buildConfigurationList = AA7B99B82F9290E00085425B /* Build configuration list for PBXNativeTarget "MarkupEditorApp" */;
			buildPhases = (
				AA7B99932F9290DF0085425B /* Sources */,
				AA7B99942F9290DF0085425B /* Frameworks */,
				AA7B99952F9290DF0085425B /* Resources */,
			);
			buildRules = (
			);
			dependencies = (
			);
			fileSystemSynchronizedGroups = (
				AA7B99992F9290DF0085425B /* MarkupEditorApp */,
			);
			name = MarkupEditorApp;
			packageProductDependencies = (
				AA7B99C22F9291B90085425B /* MarkupEditor */,
				AAB801F42FC7471300212250 /* SplitView */,
			);
			productName = MarkupEditorApp;
			productReference = AA7B99972F9290DF0085425B /* MarkupEditor.app */;
			productType = "com.apple.product-type.application";
		};
		AA7B99A32F9290E00085425B /* MarkupEditorAppTests */ = {
			isa = PBXNativeTarget;
			buildConfigurationList = AA7B99BB2F9290E00085425B /* Build configuration list for PBXNativeTarget "MarkupEditorAppTests" */;
			buildPhases = (
				AA7B99A02F9290E00085425B /* Sources */,
				AA7B99A12F9290E00085425B /* Frameworks */,
				AA7B99A22F9290E00085425B /* Resources */,
			);
			buildRules = (
			);
			dependencies = (
				AA7B99A62F9290E00085425B /* PBXTargetDependency */,
			);
			fileSystemSynchronizedGroups = (
				AA7B99A72F9290E00085425B /* MarkupEditorAppTests */,
			);
			name = MarkupEditorAppTests;
			packageProductDependencies = (
			);
			productName = MarkupEditorAppTests;
			productReference = AA7B99A42F9290E00085425B /* MarkupEditorAppTests.xctest */;
			productType = "com.apple.product-type.bundle.unit-test";
		};
		AA7B99AD2F9290E00085425B /* MarkupEditorAppUITests */ = {
			isa = PBXNativeTarget;
			buildConfigurationList = AA7B99BE2F9290E00085425B /* Build configuration list for PBXNativeTarget "MarkupEditorAppUITests" */;
			buildPhases = (
				AA7B99AA2F9290E00085425B /* Sources */,
				AA7B99AB2F9290E00085425B /* Frameworks */,
				AA7B99AC2F9290E00085425B /* Resources */,
			);
			buildRules = (
			);
			dependencies = (
				AA7B99B02F9290E00085425B /* PBXTargetDependency */,
			);
			fileSystemSynchronizedGroups = (
				AA7B99B12F9290E00085425B /* MarkupEditorAppUITests */,
			);
			name = MarkupEditorAppUITests;
			packageProductDependencies = (
			);
			productName = MarkupEditorAppUITests;
			productReference = AA7B99AE2F9290E00085425B /* MarkupEditorAppUITests.xctest */;
			productType = "com.apple.product-type.bundle.ui-testing";
		};
/* End PBXNativeTarget section */

/* Begin PBXProject section */
		AA7B998F2F9290DF0085425B /* Project object */ = {
			isa = PBXProject;
			attributes = {
				BuildIndependentTargetsInParallel = 1;
				LastSwiftUpdateCheck = 2640;
				LastUpgradeCheck = 2650;
				TargetAttributes = {
					AA7B99962F9290DF0085425B = {
						CreatedOnToolsVersion = 26.4;
					};
					AA7B99A32F9290E00085425B = {
						CreatedOnToolsVersion = 26.4;
						TestTargetID = AA7B99962F9290DF0085425B;
					};
					AA7B99AD2F9290E00085425B = {
						CreatedOnToolsVersion = 26.4;
						TestTargetID = AA7B99962F9290DF0085425B;
					};
				};
			};
			buildConfigurationList = AA7B99922F9290DF0085425B /* Build configuration list for PBXProject "MarkupEditorApp" */;
			developmentRegion = en;
			hasScannedForEncodings = 0;
			knownRegions = (
				en,
				Base,
			);
			mainGroup = AA7B998E2F9290DF0085425B;
			minimizedProjectReferenceProxies = 1;
			packageReferences = (
				AA7B99C12F9291B90085425B /* XCLocalSwiftPackageReference "../MarkupEditor" */,
				AAB801F32FC7471300212250 /* XCRemoteSwiftPackageReference "SplitView" */,
			);
			preferredProjectObjectVersion = 77;
			productRefGroup = AA7B99982F9290DF0085425B /* Products */;
			projectDirPath = "";
			projectRoot = "";
			targets = (
				AA7B99962F9290DF0085425B /* MarkupEditorApp */,
				AA7B99A32F9290E00085425B /* MarkupEditorAppTests */,
				AA7B99AD2F9290E00085425B /* MarkupEditorAppUITests */,
			);
		};
/* End PBXProject section */

/* Begin PBXResourcesBuildPhase section */
		AA7B99952F9290DF0085425B /* Resources */ = {
			isa = PBXResourcesBuildPhase;
			buildActionMask = 2147483647;
			files = (
			);
			runOnlyForDeploymentPostprocessing = 0;
		};
		AA7B99A22F9290E00085425B /* Resources */ = {
			isa = PBXResourcesBuildPhase;
			buildActionMask = 2147483647;
			files = (
			);
			runOnlyForDeploymentPostprocessing = 0;
		};
		AA7B99AC2F9290E00085425B /* Resources */ = {
			isa = PBXResourcesBuildPhase;
			buildActionMask = 2147483647;
			files = (
			);
			runOnlyForDeploymentPostprocessing = 0;
		};
/* End PBXResourcesBuildPhase section */

/* Begin PBXSourcesBuildPhase section */
		AA7B99932F9290DF0085425B /* Sources */ = {
			isa = PBXSourcesBuildPhase;
			buildActionMask = 2147483647;
			files = (
			);
			runOnlyForDeploymentPostprocessing = 0;
		};
		AA7B99A02F9290E00085425B /* Sources */ = {
			isa = PBXSourcesBuildPhase;
			buildActionMask = 2147483647;
			files = (
			);
			runOnlyForDeploymentPostprocessing = 0;
		};
		AA7B99AA2F9290E00085425B /* Sources */ = {
			isa = PBXSourcesBuildPhase;
			buildActionMask = 2147483647;
			files = (
			);
			runOnlyForDeploymentPostprocessing = 0;
		};
/* End PBXSourcesBuildPhase section */

/* Begin PBXTargetDependency section */
		AA7B99A62F9290E00085425B /* PBXTargetDependency */ = {
			isa = PBXTargetDependency;
			target = AA7B99962F9290DF0085425B /* MarkupEditorApp */;
			targetProxy = AA7B99A52F9290E00085425B /* PBXContainerItemProxy */;
		};
		AA7B99B02F9290E00085425B /* PBXTargetDependency */ = {
			isa = PBXTargetDependency;
			target = AA7B99962F9290DF0085425B /* MarkupEditorApp */;
			targetProxy = AA7B99AF2F9290E00085425B /* PBXContainerItemProxy */;
		};
/* End PBXTargetDependency section */

/* Begin XCBuildConfiguration section */
		AA7B99B62F9290E00085425B /* Debug */ = {
			isa = XCBuildConfiguration;
			buildSettings = {
				ALWAYS_SEARCH_USER_PATHS = NO;
				ASSETCATALOG_COMPILER_GENERATE_SWIFT_ASSET_SYMBOL_EXTENSIONS = YES;
				CLANG_ANALYZER_NONNULL = YES;
				CLANG_ANALYZER_NUMBER_OBJECT_CONVERSION = YES_AGGRESSIVE;
				CLANG_CXX_LANGUAGE_STANDARD = "gnu++20";
				CLANG_ENABLE_MODULES = YES;
				CLANG_ENABLE_OBJC_ARC = YES;
				CLANG_ENABLE_OBJC_WEAK = YES;
				CLANG_WARN_BLOCK_CAPTURE_AUTORELEASING = YES;
				CLANG_WARN_BOOL_CONVERSION = YES;
				CLANG_WARN_COMMA = YES;
				CLANG_WARN_CONSTANT_CONVERSION = YES;
				CLANG_WARN_DEPRECATED_OBJC_IMPLEMENTATIONS = YES;
				CLANG_WARN_DIRECT_OBJC_ISA_USAGE = YES_ERROR;
				CLANG_WARN_DOCUMENTATION_COMMENTS = YES;
				CLANG_WARN_EMPTY_BODY = YES;
				CLANG_WARN_ENUM_CONVERSION = YES;
				CLANG_WARN_INFINITE_RECURSION = YES;
				CLANG_WARN_INT_CONVERSION = YES;
				CLANG_WARN_NON_LITERAL_NULL_CONVERSION = YES;
				CLANG_WARN_OBJC_IMPLICIT_RETAIN_SELF = YES;
				CLANG_WARN_OBJC_LITERAL_CONVERSION = YES;
				CLANG_WARN_OBJC_ROOT_CLASS = YES_ERROR;
				CLANG_WARN_QUOTED_INCLUDE_IN_FRAMEWORK_HEADER = YES;
				CLANG_WARN_RANGE_LOOP_ANALYSIS = YES;
				CLANG_WARN_STRICT_PROTOTYPES = YES;
				CLANG_WARN_SUSPICIOUS_MOVE = YES;
				CLANG_WARN_UNGUARDED_AVAILABILITY = YES_AGGRESSIVE;
				CLANG_WARN_UNREACHABLE_CODE = YES;
				CLANG_WARN__DUPLICATE_METHOD_MATCH = YES;
				COPY_PHASE_STRIP = NO;
				DEAD_CODE_STRIPPING = YES;
				DEBUG_INFORMATION_FORMAT = dwarf;
				DEVELOPMENT_TEAM = 7XXG4VJQ59;
				ENABLE_STRICT_OBJC_MSGSEND = YES;
				ENABLE_TESTABILITY = YES;
				ENABLE_USER_SCRIPT_SANDBOXING = YES;
				GCC_C_LANGUAGE_STANDARD = gnu17;
				GCC_DYNAMIC_NO_PIC = NO;
				GCC_NO_COMMON_BLOCKS = YES;
				GCC_OPTIMIZATION_LEVEL = 0;
				GCC_PREPROCESSOR_DEFINITIONS = (
					"DEBUG=1",
					"$(inherited)",
				);
				GCC_WARN_64_TO_32_BIT_CONVERSION = YES;
				GCC_WARN_ABOUT_RETURN_TYPE = YES_ERROR;
				GCC_WARN_UNDECLARED_SELECTOR = YES;
				GCC_WARN_UNINITIALIZED_AUTOS = YES_AGGRESSIVE;
				GCC_WARN_UNUSED_FUNCTION = YES;
				GCC_WARN_UNUSED_VARIABLE = YES;
				LOCALIZATION_PREFERS_STRING_CATALOGS = YES;
				MACOSX_DEPLOYMENT_TARGET = 26.3;
				MTL_ENABLE_DEBUG_INFO = INCLUDE_SOURCE;
				MTL_FAST_MATH = YES;
				ONLY_ACTIVE_ARCH = YES;
				SDKROOT = macosx;
				STRING_CATALOG_GENERATE_SYMBOLS = YES;
				SWIFT_ACTIVE_COMPILATION_CONDITIONS = "DEBUG $(inherited)";
				SWIFT_OPTIMIZATION_LEVEL = "-Onone";
				SWIFT_VERSION = 6.0;
			};
			name = Debug;
		};
		AA7B99B72F9290E00085425B /* Release */ = {
			isa = XCBuildConfiguration;
			buildSettings = {
				ALWAYS_SEARCH_USER_PATHS = NO;
				ASSETCATALOG_COMPILER_GENERATE_SWIFT_ASSET_SYMBOL_EXTENSIONS = YES;
				CLANG_ANALYZER_NONNULL = YES;
				CLANG_ANALYZER_NUMBER_OBJECT_CONVERSION = YES_AGGRESSIVE;
				CLANG_CXX_LANGUAGE_STANDARD = "gnu++20";
				CLANG_ENABLE_MODULES = YES;
				CLANG_ENABLE_OBJC_ARC = YES;
				CLANG_ENABLE_OBJC_WEAK = YES;
				CLANG_WARN_BLOCK_CAPTURE_AUTORELEASING = YES;
				CLANG_WARN_BOOL_CONVERSION = YES;
				CLANG_WARN_COMMA = YES;
				CLANG_WARN_CONSTANT_CONVERSION = YES;
				CLANG_WARN_DEPRECATED_OBJC_IMPLEMENTATIONS = YES;
				CLANG_WARN_DIRECT_OBJC_ISA_USAGE = YES_ERROR;
				CLANG_WARN_DOCUMENTATION_COMMENTS = YES;
				CLANG_WARN_EMPTY_BODY = YES;
				CLANG_WARN_ENUM_CONVERSION = YES;
				CLANG_WARN_INFINITE_RECURSION = YES;
				CLANG_WARN_INT_CONVERSION = YES;
				CLANG_WARN_NON_LITERAL_NULL_CONVERSION = YES;
				CLANG_WARN_OBJC_IMPLICIT_RETAIN_SELF = YES;
				CLANG_WARN_OBJC_LITERAL_CONVERSION = YES;
				CLANG_WARN_OBJC_ROOT_CLASS = YES_ERROR;
				CLANG_WARN_QUOTED_INCLUDE_IN_FRAMEWORK_HEADER = YES;
				CLANG_WARN_RANGE_LOOP_ANALYSIS = YES;
				CLANG_WARN_STRICT_PROTOTYPES = YES;
				CLANG_WARN_SUSPICIOUS_MOVE = YES;
				CLANG_WARN_UNGUARDED_AVAILABILITY = YES_AGGRESSIVE;
				CLANG_WARN_UNREACHABLE_CODE = YES;
				CLANG_WARN__DUPLICATE_METHOD_MATCH = YES;
				COPY_PHASE_STRIP = NO;
				DEAD_CODE_STRIPPING = YES;
				DEBUG_INFORMATION_FORMAT = "dwarf-with-dsym";
				DEVELOPMENT_TEAM = 7XXG4VJQ59;
				ENABLE_NS_ASSERTIONS = NO;
				ENABLE_STRICT_OBJC_MSGSEND = YES;
				ENABLE_USER_SCRIPT_SANDBOXING = YES;
				GCC_C_LANGUAGE_STANDARD = gnu17;
				GCC_NO_COMMON_BLOCKS = YES;
				GCC_WARN_64_TO_32_BIT_CONVERSION = YES;
				GCC_WARN_ABOUT_RETURN_TYPE = YES_ERROR;
				GCC_WARN_UNDECLARED_SELECTOR = YES;
				GCC_WARN_UNINITIALIZED_AUTOS = YES_AGGRESSIVE;
				GCC_WARN_UNUSED_FUNCTION = YES;
				GCC_WARN_UNUSED_VARIABLE = YES;
				LOCALIZATION_PREFERS_STRING_CATALOGS = YES;
				MACOSX_DEPLOYMENT_TARGET = 26.3;
				MTL_ENABLE_DEBUG_INFO = NO;
				MTL_FAST_MATH = YES;
				SDKROOT = macosx;
				STRING_CATALOG_GENERATE_SYMBOLS = YES;
				SWIFT_COMPILATION_MODE = wholemodule;
				SWIFT_VERSION = 6.0;
			};
			name = Release;
		};
		AA7B99B92F9290E00085425B /* Debug */ = {
			isa = XCBuildConfiguration;
			buildSettings = {
				ASSETCATALOG_COMPILER_APPICON_NAME = AppIcon;
				ASSETCATALOG_COMPILER_GLOBAL_ACCENT_COLOR_NAME = AccentColor;
				CODE_SIGN_STYLE = Automatic;
				COMBINE_HIDPI_IMAGES = YES;
				CURRENT_PROJECT_VERSION = 1;
				DEAD_CODE_STRIPPING = YES;
				DEVELOPMENT_TEAM = 7XXG4VJQ59;
				ENABLE_APP_SANDBOX = YES;
				ENABLE_HARDENED_RUNTIME = YES;
				ENABLE_INCOMING_NETWORK_CONNECTIONS = NO;
				ENABLE_OUTGOING_NETWORK_CONNECTIONS = YES;
				ENABLE_PREVIEWS = YES;
				ENABLE_RESOURCE_ACCESS_AUDIO_INPUT = NO;
				ENABLE_RESOURCE_ACCESS_BLUETOOTH = NO;
				ENABLE_RESOURCE_ACCESS_CALENDARS = NO;
				ENABLE_RESOURCE_ACCESS_CAMERA = NO;
				ENABLE_RESOURCE_ACCESS_CONTACTS = NO;
				ENABLE_RESOURCE_ACCESS_LOCATION = NO;
				ENABLE_RESOURCE_ACCESS_PRINTING = NO;
				ENABLE_RESOURCE_ACCESS_USB = NO;
				ENABLE_USER_SELECTED_FILES = readwrite;
				GENERATE_INFOPLIST_FILE = NO;
				INFOPLIST_FILE = MarkupEditorApp/Info.plist;
				INFOPLIST_KEY_CFBundleDisplayName = MarkupEditor;
				INFOPLIST_KEY_NSHumanReadableCopyright = "";
				LD_RUNPATH_SEARCH_PATHS = (
					"$(inherited)",
					"@executable_path/../Frameworks",
				);
				LIBRARY_SEARCH_PATHS = "$(inherited)";
				MARKETING_VERSION = 0.9.0;
				PRODUCT_BUNDLE_IDENTIFIER = com.stevengharris.MarkupEditorApp;
				PRODUCT_MODULE_NAME = MarkupEditorApp;
				PRODUCT_NAME = MarkupEditor;
				REGISTER_APP_GROUPS = YES;
				STRING_CATALOG_GENERATE_SYMBOLS = YES;
				SWIFT_APPROACHABLE_CONCURRENCY = YES;
				SWIFT_DEFAULT_ACTOR_ISOLATION = MainActor;
				SWIFT_EMIT_LOC_STRINGS = YES;
				SWIFT_UPCOMING_FEATURE_MEMBER_IMPORT_VISIBILITY = YES;
			};
			name = Debug;
		};
		AA7B99BA2F9290E00085425B /* Release */ = {
			isa = XCBuildConfiguration;
			buildSettings = {
				ASSETCATALOG_COMPILER_APPICON_NAME = AppIcon;
				ASSETCATALOG_COMPILER_GLOBAL_ACCENT_COLOR_NAME = AccentColor;
				CODE_SIGN_STYLE = Automatic;
				COMBINE_HIDPI_IMAGES = YES;
				CURRENT_PROJECT_VERSION = 1;
				DEAD_CODE_STRIPPING = YES;
				DEVELOPMENT_TEAM = 7XXG4VJQ59;
				ENABLE_APP_SANDBOX = YES;
				ENABLE_HARDENED_RUNTIME = YES;
				ENABLE_INCOMING_NETWORK_CONNECTIONS = NO;
				ENABLE_OUTGOING_NETWORK_CONNECTIONS = YES;
				ENABLE_PREVIEWS = YES;
				ENABLE_RESOURCE_ACCESS_AUDIO_INPUT = NO;
				ENABLE_RESOURCE_ACCESS_BLUETOOTH = NO;
				ENABLE_RESOURCE_ACCESS_CALENDARS = NO;
				ENABLE_RESOURCE_ACCESS_CAMERA = NO;
				ENABLE_RESOURCE_ACCESS_CONTACTS = NO;
				ENABLE_RESOURCE_ACCESS_LOCATION = NO;
				ENABLE_RESOURCE_ACCESS_PRINTING = NO;
				ENABLE_RESOURCE_ACCESS_USB = NO;
				ENABLE_USER_SELECTED_FILES = readwrite;
				GENERATE_INFOPLIST_FILE = NO;
				INFOPLIST_FILE = MarkupEditorApp/Info.plist;
				INFOPLIST_KEY_CFBundleDisplayName = MarkupEditor;
				INFOPLIST_KEY_NSHumanReadableCopyright = "";
				LD_RUNPATH_SEARCH_PATHS = (
					"$(inherited)",
					"@executable_path/../Frameworks",
				);
				LIBRARY_SEARCH_PATHS = "$(inherited)";
				MARKETING_VERSION = 0.9.0;
				PRODUCT_BUNDLE_IDENTIFIER = com.stevengharris.MarkupEditorApp;
				PRODUCT_MODULE_NAME = MarkupEditorApp;
				PRODUCT_NAME = MarkupEditor;
				REGISTER_APP_GROUPS = YES;
				STRING_CATALOG_GENERATE_SYMBOLS = YES;
				SWIFT_APPROACHABLE_CONCURRENCY = YES;
				SWIFT_DEFAULT_ACTOR_ISOLATION = MainActor;
				SWIFT_EMIT_LOC_STRINGS = YES;
				SWIFT_UPCOMING_FEATURE_MEMBER_IMPORT_VISIBILITY = YES;
			};
			name = Release;
		};
		AA7B99BC2F9290E00085425B /* Debug */ = {
			isa = XCBuildConfiguration;
			buildSettings = {
				BUNDLE_LOADER = "$(TEST_HOST)";
				CODE_SIGN_STYLE = Automatic;
				CURRENT_PROJECT_VERSION = 1;
				DEAD_CODE_STRIPPING = YES;
				DEVELOPMENT_TEAM = 7XXG4VJQ59;
				GENERATE_INFOPLIST_FILE = YES;
				MACOSX_DEPLOYMENT_TARGET = 26.3;
				MARKETING_VERSION = 1.0;
				PRODUCT_BUNDLE_IDENTIFIER = com.stevengharris.MarkupEditorAppTests;
				PRODUCT_NAME = "$(TARGET_NAME)";
				STRING_CATALOG_GENERATE_SYMBOLS = NO;
				SWIFT_APPROACHABLE_CONCURRENCY = YES;
				SWIFT_EMIT_LOC_STRINGS = NO;
				SWIFT_UPCOMING_FEATURE_MEMBER_IMPORT_VISIBILITY = YES;
				TEST_HOST = "$(BUILT_PRODUCTS_DIR)/MarkupEditor.app/Contents/MacOS/MarkupEditor";
			};
			name = Debug;
		};
		AA7B99BD2F9290E00085425B /* Release */ = {
			isa = XCBuildConfiguration;
			buildSettings = {
				BUNDLE_LOADER = "$(TEST_HOST)";
				CODE_SIGN_STYLE = Automatic;
				CURRENT_PROJECT_VERSION = 1;
				DEAD_CODE_STRIPPING = YES;
				DEVELOPMENT_TEAM = 7XXG4VJQ59;
				GENERATE_INFOPLIST_FILE = YES;
				MACOSX_DEPLOYMENT_TARGET = 26.3;
				MARKETING_VERSION = 1.0;
				PRODUCT_BUNDLE_IDENTIFIER = com.stevengharris.MarkupEditorAppTests;
				PRODUCT_NAME = "$(TARGET_NAME)";
				STRING_CATALOG_GENERATE_SYMBOLS = NO;
				SWIFT_APPROACHABLE_CONCURRENCY = YES;
				SWIFT_EMIT_LOC_STRINGS = NO;
				SWIFT_UPCOMING_FEATURE_MEMBER_IMPORT_VISIBILITY = YES;
				TEST_HOST = "$(BUILT_PRODUCTS_DIR)/MarkupEditor.app/Contents/MacOS/MarkupEditor";
			};
			name = Release;
		};
		AA7B99BF2F9290E00085425B /* Debug */ = {
			isa = XCBuildConfiguration;
			buildSettings = {
				CODE_SIGN_STYLE = Automatic;
				CURRENT_PROJECT_VERSION = 1;
				DEAD_CODE_STRIPPING = YES;
				DEVELOPMENT_TEAM = 7XXG4VJQ59;
				GENERATE_INFOPLIST_FILE = YES;
				MARKETING_VERSION = 1.0;
				PRODUCT_BUNDLE_IDENTIFIER = com.stevengharris.MarkupEditorAppUITests;
				PRODUCT_NAME = "$(TARGET_NAME)";
				STRING_CATALOG_GENERATE_SYMBOLS = NO;
				SWIFT_APPROACHABLE_CONCURRENCY = YES;
				SWIFT_EMIT_LOC_STRINGS = NO;
				SWIFT_UPCOMING_FEATURE_MEMBER_IMPORT_VISIBILITY = YES;
				TEST_TARGET_NAME = MarkupEditorApp;
			};
			name = Debug;
		};
		AA7B99C02F9290E00085425B /* Release */ = {
			isa = XCBuildConfiguration;
			buildSettings = {
				CODE_SIGN_STYLE = Automatic;
				CURRENT_PROJECT_VERSION = 1;
				DEAD_CODE_STRIPPING = YES;
				DEVELOPMENT_TEAM = 7XXG4VJQ59;
				GENERATE_INFOPLIST_FILE = YES;
				MARKETING_VERSION = 1.0;
				PRODUCT_BUNDLE_IDENTIFIER = com.stevengharris.MarkupEditorAppUITests;
				PRODUCT_NAME = "$(TARGET_NAME)";
				STRING_CATALOG_GENERATE_SYMBOLS = NO;
				SWIFT_APPROACHABLE_CONCURRENCY = YES;
				SWIFT_EMIT_LOC_STRINGS = NO;
				SWIFT_UPCOMING_FEATURE_MEMBER_IMPORT_VISIBILITY = YES;
				TEST_TARGET_NAME = MarkupEditorApp;
			};
			name = Release;
		};
/* End XCBuildConfiguration section */

/* Begin XCConfigurationList section */
		AA7B99922F9290DF0085425B /* Build configuration list for PBXProject "MarkupEditorApp" */ = {
			isa = XCConfigurationList;
			buildConfigurations = (
				AA7B99B62F9290E00085425B /* Debug */,
				AA7B99B72F9290E00085425B /* Release */,
			);
			defaultConfigurationIsVisible = 0;
			defaultConfigurationName = Release;
		};
		AA7B99B82F9290E00085425B /* Build configuration list for PBXNativeTarget "MarkupEditorApp" */ = {
			isa = XCConfigurationList;
			buildConfigurations = (
				AA7B99B92F9290E00085425B /* Debug */,
				AA7B99BA2F9290E00085425B /* Release */,
			);
			defaultConfigurationIsVisible = 0;
			defaultConfigurationName = Release;
		};
		AA7B99BB2F9290E00085425B /* Build configuration list for PBXNativeTarget "MarkupEditorAppTests" */ = {
			isa = XCConfigurationList;
			buildConfigurations = (
				AA7B99BC2F9290E00085425B /* Debug */,
				AA7B99BD2F9290E00085425B /* Release */,
			);
			defaultConfigurationIsVisible = 0;
			defaultConfigurationName = Release;
		};
		AA7B99BE2F9290E00085425B /* Build configuration list for PBXNativeTarget "MarkupEditorAppUITests" */ = {
			isa = XCConfigurationList;
			buildConfigurations = (
				AA7B99BF2F9290E00085425B /* Debug */,
				AA7B99C02F9290E00085425B /* Release */,
			);
			defaultConfigurationIsVisible = 0;
			defaultConfigurationName = Release;
		};
/* End XCConfigurationList section */

/* Begin XCLocalSwiftPackageReference section */
		AA7B99C12F9291B90085425B /* XCLocalSwiftPackageReference "../MarkupEditor" */ = {
			isa = XCLocalSwiftPackageReference;
			relativePath = ../MarkupEditor;
		};
/* End XCLocalSwiftPackageReference section */

/* Begin XCRemoteSwiftPackageReference section */
		AAB801F32FC7471300212250 /* XCRemoteSwiftPackageReference "SplitView" */ = {
			isa = XCRemoteSwiftPackageReference;
			repositoryURL = "https://github.com/stevengharris/SplitView.git";
			requirement = {
				kind = upToNextMajorVersion;
				minimumVersion = 3.5.3;
			};
		};
/* End XCRemoteSwiftPackageReference section */

/* Begin XCSwiftPackageProductDependency section */
		AA7B99C22F9291B90085425B /* MarkupEditor */ = {
			isa = XCSwiftPackageProductDependency;
			productName = MarkupEditor;
		};
		AAB801F42FC7471300212250 /* SplitView */ = {
			isa = XCSwiftPackageProductDependency;
			package = AAB801F32FC7471300212250 /* XCRemoteSwiftPackageReference "SplitView" */;
			productName = SplitView;
		};
/* End XCSwiftPackageProductDependency section */
	};
	rootObject = AA7B998F2F9290DF0085425B /* Project object */;
}
